lockfileVersion: '6.0'

settings:
  autoInstallPeers: true
  excludeLinksFromLockfile: false

dependencies:
  '@radix-ui/react-slot':
    specifier: ^1.0.2
    version: 1.0.2(react@18.2.0)
  papaparse:
    specifier: ^5.4.1
    version: 5.4.1
  react-screen-wake-lock:
    specifier: ^3.0.2
    version: 3.0.2(react@18.2.0)

packages:

  /@babel/runtime@7.23.8:
    resolution: {integrity: sha512-Y7KbAP984rn1VGMbGqKmBLio9V7y5Je9GvU4rQPCPinCyNfUcToxIXl06d59URp/F3LwinvODxab5N/G6qggkw==}
    engines: {node: '>=6.9.0'}
    dependencies:
      regenerator-runtime: 0.14.1
    dev: false

  /@radix-ui/react-compose-refs@1.0.1(react@18.2.0):
    resolution: {integrity: sha512-fDSBgd44FKHa1FRMU59qBMPFcl2PZE+2nmqunj+BWFyYYjnhIDWL2ItDs3rrbJDQOtzt5nIebLCQc4QRfz6LJw==}
    peerDependencies:
      '@types/react': '*'
      react: ^16.8 || ^17.0 || ^18.0
    peerDependenciesMeta:
      '@types/react':
        optional: true
    dependencies:
      '@babel/runtime': 7.23.8
      react: 18.2.0
    dev: false

  /@radix-ui/react-slot@1.0.2(react@18.2.0):
    resolution: {integrity: sha512-YeTpuq4deV+6DusvVUW4ivBgnkHwECUu0BiN43L5UCDFgdhsRUWAghhTF5MbvNTPzmiFOx90asDSUjWuCNapwg==}
    peerDependencies:
      '@types/react': '*'
      react: ^16.8 || ^17.0 || ^18.0
    peerDependenciesMeta:
      '@types/react':
        optional: true
    dependencies:
      '@babel/runtime': 7.23.8
      '@radix-ui/react-compose-refs': 1.0.1(react@18.2.0)
      react: 18.2.0
    dev: false

  /js-tokens@4.0.0:
    resolution: {integrity: sha512-RdJUflcE3cUzKiMqQgsCu06FPu9UdIJO0beYbPhHN4k6apgJtifcoCtT9bcxOpYBtpD2kCM6Sbzg4CausW/PKQ==}
    dev: false

  /loose-envify@1.4.0:
    resolution: {integrity: sha512-lyuxPGr/Wfhrlem2CL/UcnUc1zcqKAImBDzukY7Y5F/yQiNdko6+fRLevlw1HgMySw7f611UIY408EtxRSoK3Q==}
    hasBin: true
    dependencies:
      js-tokens: 4.0.0
    dev: false

  /papaparse@5.4.1:
    resolution: {integrity: sha512-HipMsgJkZu8br23pW15uvo6sib6wne/4woLZPlFf3rpDyMe9ywEXUsuD7+6K9PRkJlVT51j/sCOYDKGGS3ZJrw==}
    dev: false

  /react-screen-wake-lock@3.0.2(react@18.2.0):
    resolution: {integrity: sha512-f88vcfMG1AWYRSIWQ5Qx5YVboH6TSL0F4ZlFLERZp6aKiZRGVRAAJ9wedJdO5jqTMcCDZ4OXJ8PjcSkDmvGSBg==}
    engines: {node: '>=14.16'}
    peerDependencies:
      react: ^16.8.0 || ^17.0.0 || ^18.0.0
    dependencies:
      react: 18.2.0
    dev: false

  /react@18.2.0:
    resolution: {integrity: sha512-/3IjMdb2L9QbBdWiW5e3P2/npwMBaU9mHCSCUzNln0ZCYbcfTsGbTJrU/kGemdH2IWmB2ioZ+zkxtmq6g09fGQ==}
    engines: {node: '>=0.10.0'}
    dependencies:
      loose-envify: 1.4.0
    dev: false

  /regenerator-runtime@0.14.1:
    resolution: {integrity: sha512-dYnhHh0nJoMfnkZs6GmmhFknAGRrLznOu5nc9ML+EJxGvrx6H7teuevqVqCuPcPK//3eDrrjQhehXVx9cnkGdw==}
    dev: false
